Microsoft Visual Studio Solution File, Format Version 12.00
# Visual Studio 2012
Project("{FAE04EC0-301F-11D3-BF4B-00C04F79EFBC}") = "Just Chess", "Just Chess.csproj", "{A08A6B16-1FF7-4CF4-B393-1D931DE44AA5}"
EndProject
Global
	GlobalSection(SolutionConfigurationPlatforms) = preSolution
	Debug|Any CPU = Debug|Any CPU
	ExportDebug|Any CPU = ExportDebug|Any CPU
	ExportRelease|Any CPU = ExportRelease|Any CPU
	EndGlobalSection
	GlobalSection(ProjectConfigurationPlatforms) = postSolution
		{A08A6B16-1FF7-4CF4-B393-1D931DE44AA5}.Debug|Any CPU.ActiveCfg = Debug|Any CPU
		{A08A6B16-1FF7-4CF4-B393-1D931DE44AA5}.Debug|Any CPU.Build.0 = Debug|Any CPU
		{A08A6B16-1FF7-4CF4-B393-1D931DE44AA5}.ExportDebug|Any CPU.ActiveCfg = ExportDebug|Any CPU
		{A08A6B16-1FF7-4CF4-B393-1D931DE44AA5}.ExportDebug|Any CPU.Build.0 = ExportDebug|Any CPU
		{A08A6B16-1FF7-4CF4-B393-1D931DE44AA5}.ExportRelease|Any CPU.ActiveCfg = ExportRelease|Any CPU
		{A08A6B16-1FF7-4CF4-B393-1D931DE44AA5}.ExportRelease|Any CPU.Build.0 = ExportRelease|Any CPU
	EndGlobalSection
EndGlobal
